
Microsoft Visual Studio Solution File, Format Version 12.00
# Visual Studio Version 16
VisualStudioVersion = 16.0.32510.428
MinimumVisualStudioVersion = 10.0.40219.1
Project("{FAE04EC0-301F-11D3-BF4B-00C04F79EFBC}") = "Method-Fuction", "Method-Fuction\Method-Fuction.csproj", "{D651189A-4B7D-4B35-9579-BDEBD6E77DA1}"
EndProject
Global
	GlobalSection(SolutionConfigurationPlatforms) = preSolution
		Debug|Any CPU = Debug|Any CPU
		Release|Any CPU = Release|Any CPU
	EndGlobalSection
	GlobalSection(ProjectConfigurationPlatforms) = postSolution
		{D651189A-4B7D-4B35-9579-BDEBD6E77DA1}.Debug|Any CPU.ActiveCfg = Debug|Any CPU
		{D651189A-4B7D-4B35-9579-BDEBD6E77DA1}.Debug|Any CPU.Build.0 = Debug|Any CPU
		{D651189A-4B7D-4B35-9579-BDEBD6E77DA1}.Release|Any CPU.ActiveCfg = Release|Any CPU
		{D651189A-4B7D-4B35-9579-BDEBD6E77DA1}.Release|Any CPU.Build.0 = Release|Any CPU
	EndGlobalSection
	GlobalSection(SolutionProperties) = preSolution
		HideSolutionNode = FALSE
	EndGlobalSection
	GlobalSection(ExtensibilityGlobals) = postSolution
		SolutionGuid = {42FFCDC5-4AD7-4A8D-A45C-C70E4C024B79}
	EndGlobalSection
EndGlobal
